
Microsoft Visual Studio Solution File, Format Version 12.00
Project("{2150E333-8FDC-42A3-9474-1A3956D46DE8}") = "src", "src", "{2C927D98-2973-4A2E-B2E7-F0C06BE0CF5D}"
EndProject
Project("{FAE04EC0-301F-11D3-BF4B-00C04F79EFBC}") = "Time.Api", "src\Time.Api\Time.Api.csproj", "{E96348E7-8CBF-4673-9461-3DD4FAF9BB16}"
EndProject
Project("{2150E333-8FDC-42A3-9474-1A3956D46DE8}") = "tests", "tests", "{D587B9B5-2365-4741-93FF-4DBBD6F56BFB}"
EndProject
Project("{FAE04EC0-301F-11D3-BF4B-00C04F79EFBC}") = "Time.Database", "src\Time.Database\Time.Database.csproj", "{13C0B97A-AD3C-4511-B790-BA72EABFE37F}"
EndProject
Project("{2150E333-8FDC-42A3-9474-1A3956D46DE8}") = "pipelines", "pipelines", "{A9FC12F9-2A43-4DAA-A48C-C357C253C403}"
ProjectSection(SolutionItems) = preProject
	pipelines\release.yml = pipelines\release.yml
	pipelines\preview.create.yml = pipelines\preview.create.yml
	pipelines\preview.destroy.yml = pipelines\preview.destroy.yml
EndProjectSection
EndProject
Project("{2150E333-8FDC-42A3-9474-1A3956D46DE8}") = "infrastructure", "infrastructure", "{A7416DF9-5625-4A36-BAF9-BAE461893228}"
ProjectSection(SolutionItems) = preProject
	infrastructure\backend.tf = infrastructure\backend.tf
	infrastructure\data.tf = infrastructure\data.tf
	infrastructure\main.tf = infrastructure\main.tf
	infrastructure\providers.tf = infrastructure\providers.tf
	infrastructure\variables.tf = infrastructure\variables.tf
	infrastructure\outputs.tf = infrastructure\outputs.tf
EndProjectSection
EndProject
Project("{2150E333-8FDC-42A3-9474-1A3956D46DE8}") = "solution items ", "solution items ", "{4218576B-0FCF-4CE1-A9F2-58396D39920B}"
ProjectSection(SolutionItems) = preProject
	Dockerfile = Dockerfile
	README.md = README.md
	docker-compose.yml = docker-compose.yml
	docker-compose.infrastructure.yml = docker-compose.infrastructure.yml
EndProjectSection
EndProject
Project("{2150E333-8FDC-42A3-9474-1A3956D46DE8}") = "variables", "variables", "{D832FFC2-D41F-4BE2-9D5D-373B2D6E9388}"
ProjectSection(SolutionItems) = preProject
	infrastructure\variables\production.ap-southeast-2.tfvars = infrastructure\variables\production.ap-southeast-2.tfvars
EndProjectSection
EndProject
Project("{2150E333-8FDC-42A3-9474-1A3956D46DE8}") = "templates", "templates", "{48F63336-2780-4CC8-8E82-793E25C24A45}"
ProjectSection(SolutionItems) = preProject
	infrastructure\templates\codedeploy.yml = infrastructure\templates\codedeploy.yml
	infrastructure\templates\create-deployment.json = infrastructure\templates\create-deployment.json
EndProjectSection
EndProject
Project("{2150E333-8FDC-42A3-9474-1A3956D46DE8}") = "build", "build", "{E4546580-5FDF-4205-BDC4-B0690ABC0D28}"
ProjectSection(SolutionItems) = preProject
	build\nuget.config = build\nuget.config
EndProjectSection
EndProject
Project("{FAE04EC0-301F-11D3-BF4B-00C04F79EFBC}") = "Time.Database.Runner", "src\Time.Database.Runner\Time.Database.Runner.csproj", "{D3689F9B-8DD9-4A22-A3B3-600A8B310270}"
EndProject
Project("{2150E333-8FDC-42A3-9474-1A3956D46DE8}") = "templates", "templates", "{8F0DA939-E41B-47DA-8545-60FA2524BC91}"
ProjectSection(SolutionItems) = preProject
	pipelines\templates\build.api.yml = pipelines\templates\build.api.yml
	pipelines\templates\build.integration-tests.yml = pipelines\templates\build.integration-tests.yml
	pipelines\templates\push.api.yml = pipelines\templates\push.api.yml
	pipelines\templates\push.integration-tests.yml = pipelines\templates\push.integration-tests.yml
	pipelines\templates\build.numbers.yml = pipelines\templates\build.numbers.yml
EndProjectSection
EndProject
Project("{FAE04EC0-301F-11D3-BF4B-00C04F79EFBC}") = "Time.Domain", "src\Time.Domain\Time.Domain.csproj", "{5B0AB0AE-47BD-4BDE-A68A-A02BD6B10AC3}"
EndProject
Project("{FAE04EC0-301F-11D3-BF4B-00C04F79EFBC}") = "Time.Domain.UnitTests", "tests\Time.Domain.UnitTests\Time.Domain.UnitTests.csproj", "{2056D836-C10F-40B9-800C-16958208180A}"
EndProject
Project("{2150E333-8FDC-42A3-9474-1A3956D46DE8}") = "Time.IntegrationTests", "Time.IntegrationTests", "{5167A528-7507-4D0F-995F-A8E1FE042E65}"
ProjectSection(SolutionItems) = preProject
	tests\Time.IntegrationTests\package-lock.json = tests\Time.IntegrationTests\package-lock.json
	tests\Time.IntegrationTests\package.json = tests\Time.IntegrationTests\package.json
	tests\Time.IntegrationTests\Dockerfile = tests\Time.IntegrationTests\Dockerfile
	tests\Time.IntegrationTests\.eslintrc.yml = tests\Time.IntegrationTests\.eslintrc.yml
	tests\Time.IntegrationTests\index.js = tests\Time.IntegrationTests\index.js
EndProjectSection
EndProject
Project("{2150E333-8FDC-42A3-9474-1A3956D46DE8}") = "collections", "collections", "{8CF15B7D-7986-459D-957E-19866FF7DEA4}"
ProjectSection(SolutionItems) = preProject
	tests\Time.IntegrationTests\collections\time.postman_collection.json = tests\Time.IntegrationTests\collections\time.postman_collection.json
EndProjectSection
EndProject
Project("{2150E333-8FDC-42A3-9474-1A3956D46DE8}") = "environments", "environments", "{BAF41277-8C65-4772-8F2E-8800133585AA}"
ProjectSection(SolutionItems) = preProject
	tests\Time.IntegrationTests\environments\local.postman_environment.json = tests\Time.IntegrationTests\environments\local.postman_environment.json
	tests\Time.IntegrationTests\environments\preview.postman_environment.json = tests\Time.IntegrationTests\environments\preview.postman_environment.json
	tests\Time.IntegrationTests\environments\production.postman_environment.json = tests\Time.IntegrationTests\environments\production.postman_environment.json
EndProjectSection
EndProject
Global
	GlobalSection(SolutionConfigurationPlatforms) = preSolution
		Debug|Any CPU = Debug|Any CPU
		Release|Any CPU = Release|Any CPU
	EndGlobalSection
	GlobalSection(ProjectConfigurationPlatforms) = postSolution
		{E96348E7-8CBF-4673-9461-3DD4FAF9BB16}.Debug|Any CPU.ActiveCfg = Debug|Any CPU
		{E96348E7-8CBF-4673-9461-3DD4FAF9BB16}.Debug|Any CPU.Build.0 = Debug|Any CPU
		{E96348E7-8CBF-4673-9461-3DD4FAF9BB16}.Release|Any CPU.ActiveCfg = Release|Any CPU
		{E96348E7-8CBF-4673-9461-3DD4FAF9BB16}.Release|Any CPU.Build.0 = Release|Any CPU
		{13C0B97A-AD3C-4511-B790-BA72EABFE37F}.Debug|Any CPU.ActiveCfg = Debug|Any CPU
		{13C0B97A-AD3C-4511-B790-BA72EABFE37F}.Debug|Any CPU.Build.0 = Debug|Any CPU
		{13C0B97A-AD3C-4511-B790-BA72EABFE37F}.Release|Any CPU.ActiveCfg = Release|Any CPU
		{13C0B97A-AD3C-4511-B790-BA72EABFE37F}.Release|Any CPU.Build.0 = Release|Any CPU
		{D3689F9B-8DD9-4A22-A3B3-600A8B310270}.Debug|Any CPU.ActiveCfg = Debug|Any CPU
		{D3689F9B-8DD9-4A22-A3B3-600A8B310270}.Debug|Any CPU.Build.0 = Debug|Any CPU
		{D3689F9B-8DD9-4A22-A3B3-600A8B310270}.Release|Any CPU.ActiveCfg = Release|Any CPU
		{D3689F9B-8DD9-4A22-A3B3-600A8B310270}.Release|Any CPU.Build.0 = Release|Any CPU
		{5B0AB0AE-47BD-4BDE-A68A-A02BD6B10AC3}.Debug|Any CPU.ActiveCfg = Debug|Any CPU
		{5B0AB0AE-47BD-4BDE-A68A-A02BD6B10AC3}.Debug|Any CPU.Build.0 = Debug|Any CPU
		{5B0AB0AE-47BD-4BDE-A68A-A02BD6B10AC3}.Release|Any CPU.ActiveCfg = Release|Any CPU
		{5B0AB0AE-47BD-4BDE-A68A-A02BD6B10AC3}.Release|Any CPU.Build.0 = Release|Any CPU
		{2056D836-C10F-40B9-800C-16958208180A}.Debug|Any CPU.ActiveCfg = Debug|Any CPU
		{2056D836-C10F-40B9-800C-16958208180A}.Debug|Any CPU.Build.0 = Debug|Any CPU
		{2056D836-C10F-40B9-800C-16958208180A}.Release|Any CPU.ActiveCfg = Release|Any CPU
		{2056D836-C10F-40B9-800C-16958208180A}.Release|Any CPU.Build.0 = Release|Any CPU
	EndGlobalSection
	GlobalSection(NestedProjects) = preSolution
		{E96348E7-8CBF-4673-9461-3DD4FAF9BB16} = {2C927D98-2973-4A2E-B2E7-F0C06BE0CF5D}
		{13C0B97A-AD3C-4511-B790-BA72EABFE37F} = {2C927D98-2973-4A2E-B2E7-F0C06BE0CF5D}
		{D832FFC2-D41F-4BE2-9D5D-373B2D6E9388} = {A7416DF9-5625-4A36-BAF9-BAE461893228}
		{48F63336-2780-4CC8-8E82-793E25C24A45} = {A7416DF9-5625-4A36-BAF9-BAE461893228}
		{D3689F9B-8DD9-4A22-A3B3-600A8B310270} = {2C927D98-2973-4A2E-B2E7-F0C06BE0CF5D}
		{8F0DA939-E41B-47DA-8545-60FA2524BC91} = {A9FC12F9-2A43-4DAA-A48C-C357C253C403}
		{5B0AB0AE-47BD-4BDE-A68A-A02BD6B10AC3} = {2C927D98-2973-4A2E-B2E7-F0C06BE0CF5D}
		{2056D836-C10F-40B9-800C-16958208180A} = {D587B9B5-2365-4741-93FF-4DBBD6F56BFB}
		{5167A528-7507-4D0F-995F-A8E1FE042E65} = {D587B9B5-2365-4741-93FF-4DBBD6F56BFB}
		{8CF15B7D-7986-459D-957E-19866FF7DEA4} = {5167A528-7507-4D0F-995F-A8E1FE042E65}
		{BAF41277-8C65-4772-8F2E-8800133585AA} = {5167A528-7507-4D0F-995F-A8E1FE042E65}
	EndGlobalSection
EndGlobal
